
Microsoft Visual Studio Solution File, Format Version 12.00
# Visual Studio Version 17
VisualStudioVersion = 17.8.34330.188
MinimumVisualStudioVersion = 10.0.40219.1
Project("{9A19103F-16F7-4668-BE54-9A1E7A4F7556}") = "Melodiy.Web", "Melodiy.Web\Melodiy.Web.csproj", "{0147217B-B300-4767-90D9-F8BBC6374B7D}"
EndProject
Project("{FAE04EC0-301F-11D3-BF4B-00C04F79EFBC}") = "Melodiy.Features", "Melodiy.Features\Melodiy.Features.csproj", "{52855592-A615-4D1D-A562-B1AB0859E88A}"
EndProject
Project("{FAE04EC0-301F-11D3-BF4B-00C04F79EFBC}") = "Melodiy.Integrations", "Melodiy.Integrations\Melodiy.Integrations.csproj", "{8A914B1A-E32B-4AB4-A4F0-221618D85EC8}"
EndProject
Project("{FAE04EC0-301F-11D3-BF4B-00C04F79EFBC}") = "Melodiy.Infrastructure", "Melodiy.Infrastructure\Melodiy.Infrastructure.csproj", "{49C6B594-5751-48B3-94B5-D4C6EBC447F1}"
EndProject
Global
	GlobalSection(SolutionConfigurationPlatforms) = preSolution
		Debug|Any CPU = Debug|Any CPU
		Release|Any CPU = Release|Any CPU
	EndGlobalSection
	GlobalSection(ProjectConfigurationPlatforms) = postSolution
		{0147217B-B300-4767-90D9-F8BBC6374B7D}.Debug|Any CPU.ActiveCfg = Debug|Any CPU
		{0147217B-B300-4767-90D9-F8BBC6374B7D}.Debug|Any CPU.Build.0 = Debug|Any CPU
		{0147217B-B300-4767-90D9-F8BBC6374B7D}.Release|Any CPU.ActiveCfg = Release|Any CPU
		{0147217B-B300-4767-90D9-F8BBC6374B7D}.Release|Any CPU.Build.0 = Release|Any CPU
		{52855592-A615-4D1D-A562-B1AB0859E88A}.Debug|Any CPU.ActiveCfg = Debug|Any CPU
		{52855592-A615-4D1D-A562-B1AB0859E88A}.Debug|Any CPU.Build.0 = Debug|Any CPU
		{52855592-A615-4D1D-A562-B1AB0859E88A}.Release|Any CPU.ActiveCfg = Release|Any CPU
		{52855592-A615-4D1D-A562-B1AB0859E88A}.Release|Any CPU.Build.0 = Release|Any CPU
		{8A914B1A-E32B-4AB4-A4F0-221618D85EC8}.Debug|Any CPU.ActiveCfg = Debug|Any CPU
		{8A914B1A-E32B-4AB4-A4F0-221618D85EC8}.Debug|Any CPU.Build.0 = Debug|Any CPU
		{8A914B1A-E32B-4AB4-A4F0-221618D85EC8}.Release|Any CPU.ActiveCfg = Release|Any CPU
		{8A914B1A-E32B-4AB4-A4F0-221618D85EC8}.Release|Any CPU.Build.0 = Release|Any CPU
		{49C6B594-5751-48B3-94B5-D4C6EBC447F1}.Debug|Any CPU.ActiveCfg = Debug|Any CPU
		{49C6B594-5751-48B3-94B5-D4C6EBC447F1}.Debug|Any CPU.Build.0 = Debug|Any CPU
		{49C6B594-5751-48B3-94B5-D4C6EBC447F1}.Release|Any CPU.ActiveCfg = Release|Any CPU
		{49C6B594-5751-48B3-94B5-D4C6EBC447F1}.Release|Any CPU.Build.0 = Release|Any CPU
	EndGlobalSection
	GlobalSection(SolutionProperties) = preSolution
		HideSolutionNode = FALSE
	EndGlobalSection
	GlobalSection(ExtensibilityGlobals) = postSolution
		SolutionGuid = {04649773-E188-4F0A-9EA0-6A924C7BE6DD}
	EndGlobalSection
EndGlobal
